
Microsoft Visual Studio Solution File, Format Version 12.00
# Visual Studio Version 17
VisualStudioVersion = 17.14.36109.1 d17.14
MinimumVisualStudioVersion = 10.0.40219.1
Project("{FAE04EC0-301F-11D3-BF4B-00C04F79EFBC}") = "Lending", "Lending.csproj", "{2258EB59-7302-422C-9B09-37827D1914AB}"
EndProject
Global
	GlobalSection(SolutionConfigurationPlatforms) = preSolution
		Debug|Any CPU = Debug|Any CPU
		Release|Any CPU = Release|Any CPU
	EndGlobalSection
	GlobalSection(ProjectConfigurationPlatforms) = postSolution
		{2258EB59-7302-422C-9B09-37827D1914AB}.Debug|Any CPU.ActiveCfg = Debug|Any CPU
		{2258EB59-7302-422C-9B09-37827D1914AB}.Debug|Any CPU.Build.0 = Debug|Any CPU
		{2258EB59-7302-422C-9B09-37827D1914AB}.Release|Any CPU.ActiveCfg = Release|Any CPU
		{2258EB59-7302-422C-9B09-37827D1914AB}.Release|Any CPU.Build.0 = Release|Any CPU
	EndGlobalSection
	GlobalSection(SolutionProperties) = preSolution
		HideSolutionNode = FALSE
	EndGlobalSection
	GlobalSection(ExtensibilityGlobals) = postSolution
		SolutionGuid = {FD6A53BA-A6FD-45C6-9819-ED3D9A0021C8}
	EndGlobalSection
EndGlobal
